<?xml version="1.0" encoding="utf-8"?>
<Project ToolsVersion="4.0" xmlns="http://schemas.microsoft.com/developer/msbuild/2003">
  <ItemGroup>
    <Filter Include="include">
      <UniqueIdentifier>{e839d5ef-8b07-41bc-baba-e87756cc1858}</UniqueIdentifier>
    </Filter>
    <Filter Include="src">
      <UniqueIdentifier>{e7def7f9-8686-486d-949d-e07c9f51dbad}</UniqueIdentifier>
    </Filter>
  </ItemGroup>
  <ItemGroup>
    <ClInclude Include="include\top_stocks\stock_info.h">
      <Filter>include</Filter>
    </ClInclude>
    <ClInclude Include="src\pch.h">
      <Filter>src</Filter>
    </ClInclude>
    <ClInclude Include="include\top_stocks\stocks_tracker.h">
      <Filter>include</Filter>
    </ClInclude>
    <ClInclude Include="include\top_stocks\top_stocks_listener.h">
      <Filter>include</Filter>
    </ClInclude>
  </ItemGroup>
  <ItemGroup>
    <ClCompile Include="src\pch.cpp">
      <Filter>src</Filter>
    </ClCompile>
    <ClCompile Include="src\stock_info.cpp">
      <Filter>src</Filter>
    </ClCompile>
    <ClCompile Include="src\stocks_tracker.cpp">
      <Filter>src</Filter>
    </ClCompile>
  </ItemGroup>
</Project>